
Microsoft Visual Studio Solution File, Format Version 12.00
# Visual Studio Version 17
VisualStudioVersion = 17.14.37027.9
MinimumVisualStudioVersion = 10.0.40219.1
Project("{FAE04EC0-301F-11D3-BF4B-00C04F79EFBC}") = "WarehouseManagementSystem.Web", "WarehouseManagementSystem.Web\WarehouseManagementSystem.Web.csproj", "{8C420B3F-A3E1-D4C4-A9F3-BF70DB106061}"
EndProject
Project("{FAE04EC0-301F-11D3-BF4B-00C04F79EFBC}") = "WarehouseManagementSystem.DAL", "WarehouseManagementSystem.DAL\WarehouseManagementSystem.DAL.csproj", "{569F6E8B-81E3-419C-9CAB-80C69AF74BD8}"
EndProject
Project("{FAE04EC0-301F-11D3-BF4B-00C04F79EFBC}") = "WarehouseManagementSystem.Model", "WarehouseManagementSystem.Model\WarehouseManagementSystem.Model.csproj", "{0FC61831-E220-4418-96FD-68767D02AB79}"
EndProject
Project("{FAE04EC0-301F-11D3-BF4B-00C04F79EFBC}") = "WarehouseManagementSystem.Tests", "WarehouseManagementSystem.Tests\WarehouseManagementSystem.Tests.csproj", "{BAF6B46B-FD4D-4894-A3A0-3454BD8F9B3E}"
EndProject
Global
	GlobalSection(SolutionConfigurationPlatforms) = preSolution
		Debug|Any CPU = Debug|Any CPU
		Debug|x64 = Debug|x64
		Debug|x86 = Debug|x86
		Release|Any CPU = Release|Any CPU
		Release|x64 = Release|x64
		Release|x86 = Release|x86
	EndGlobalSection
	GlobalSection(ProjectConfigurationPlatforms) = postSolution
		{8C420B3F-A3E1-D4C4-A9F3-BF70DB106061}.Debug|Any CPU.ActiveCfg = Debug|Any CPU
		{8C420B3F-A3E1-D4C4-A9F3-BF70DB106061}.Debug|Any CPU.Build.0 = Debug|Any CPU
		{8C420B3F-A3E1-D4C4-A9F3-BF70DB106061}.Debug|x64.ActiveCfg = Debug|Any CPU
		{8C420B3F-A3E1-D4C4-A9F3-BF70DB106061}.Debug|x64.Build.0 = Debug|Any CPU
		{8C420B3F-A3E1-D4C4-A9F3-BF70DB106061}.Debug|x86.ActiveCfg = Debug|Any CPU
		{8C420B3F-A3E1-D4C4-A9F3-BF70DB106061}.Debug|x86.Build.0 = Debug|Any CPU
		{8C420B3F-A3E1-D4C4-A9F3-BF70DB106061}.Release|Any CPU.ActiveCfg = Release|Any CPU
		{8C420B3F-A3E1-D4C4-A9F3-BF70DB106061}.Release|Any CPU.Build.0 = Release|Any CPU
		{8C420B3F-A3E1-D4C4-A9F3-BF70DB106061}.Release|x64.ActiveCfg = Release|Any CPU
		{8C420B3F-A3E1-D4C4-A9F3-BF70DB106061}.Release|x64.Build.0 = Release|Any CPU
		{8C420B3F-A3E1-D4C4-A9F3-BF70DB106061}.Release|x86.ActiveCfg = Release|Any CPU
		{8C420B3F-A3E1-D4C4-A9F3-BF70DB106061}.Release|x86.Build.0 = Release|Any CPU
		{569F6E8B-81E3-419C-9CAB-80C69AF74BD8}.Debug|Any CPU.ActiveCfg = Debug|Any CPU
		{569F6E8B-81E3-419C-9CAB-80C69AF74BD8}.Debug|Any CPU.Build.0 = Debug|Any CPU
		{569F6E8B-81E3-419C-9CAB-80C69AF74BD8}.Debug|x64.ActiveCfg = Debug|Any CPU
		{569F6E8B-81E3-419C-9CAB-80C69AF74BD8}.Debug|x64.Build.0 = Debug|Any CPU
		{569F6E8B-81E3-419C-9CAB-80C69AF74BD8}.Debug|x86.ActiveCfg = Debug|Any CPU
		{569F6E8B-81E3-419C-9CAB-80C69AF74BD8}.Debug|x86.Build.0 = Debug|Any CPU
		{569F6E8B-81E3-419C-9CAB-80C69AF74BD8}.Release|Any CPU.ActiveCfg = Release|Any CPU
		{569F6E8B-81E3-419C-9CAB-80C69AF74BD8}.Release|Any CPU.Build.0 = Release|Any CPU
		{569F6E8B-81E3-419C-9CAB-80C69AF74BD8}.Release|x64.ActiveCfg = Release|Any CPU
		{569F6E8B-81E3-419C-9CAB-80C69AF74BD8}.Release|x64.Build.0 = Release|Any CPU
		{569F6E8B-81E3-419C-9CAB-80C69AF74BD8}.Release|x86.ActiveCfg = Release|Any CPU
		{569F6E8B-81E3-419C-9CAB-80C69AF74BD8}.Release|x86.Build.0 = Release|Any CPU
		{0FC61831-E220-4418-96FD-68767D02AB79}.Debug|Any CPU.ActiveCfg = Debug|Any CPU
		{0FC61831-E220-4418-96FD-68767D02AB79}.Debug|Any CPU.Build.0 = Debug|Any CPU
		{0FC61831-E220-4418-96FD-68767D02AB79}.Debug|x64.ActiveCfg = Debug|Any CPU
		{0FC61831-E220-4418-96FD-68767D02AB79}.Debug|x64.Build.0 = Debug|Any CPU
		{0FC61831-E220-4418-96FD-68767D02AB79}.Debug|x86.ActiveCfg = Debug|Any CPU
		{0FC61831-E220-4418-96FD-68767D02AB79}.Debug|x86.Build.0 = Debug|Any CPU
		{0FC61831-E220-4418-96FD-68767D02AB79}.Release|Any CPU.ActiveCfg = Release|Any CPU
		{0FC61831-E220-4418-96FD-68767D02AB79}.Release|Any CPU.Build.0 = Release|Any CPU
		{0FC61831-E220-4418-96FD-68767D02AB79}.Release|x64.ActiveCfg = Release|Any CPU
		{0FC61831-E220-4418-96FD-68767D02AB79}.Release|x64.Build.0 = Release|Any CPU
		{0FC61831-E220-4418-96FD-68767D02AB79}.Release|x86.ActiveCfg = Release|Any CPU
		{0FC61831-E220-4418-96FD-68767D02AB79}.Release|x86.Build.0 = Release|Any CPU
		{BAF6B46B-FD4D-4894-A3A0-3454BD8F9B3E}.Debug|Any CPU.ActiveCfg = Debug|Any CPU
		{BAF6B46B-FD4D-4894-A3A0-3454BD8F9B3E}.Debug|Any CPU.Build.0 = Debug|Any CPU
		{BAF6B46B-FD4D-4894-A3A0-3454BD8F9B3E}.Debug|x64.ActiveCfg = Debug|Any CPU
		{BAF6B46B-FD4D-4894-A3A0-3454BD8F9B3E}.Debug|x64.Build.0 = Debug|Any CPU
		{BAF6B46B-FD4D-4894-A3A0-3454BD8F9B3E}.Debug|x86.ActiveCfg = Debug|Any CPU
		{BAF6B46B-FD4D-4894-A3A0-3454BD8F9B3E}.Debug|x86.Build.0 = Debug|Any CPU
		{BAF6B46B-FD4D-4894-A3A0-3454BD8F9B3E}.Release|Any CPU.ActiveCfg = Release|Any CPU
		{BAF6B46B-FD4D-4894-A3A0-3454BD8F9B3E}.Release|Any CPU.Build.0 = Release|Any CPU
		{BAF6B46B-FD4D-4894-A3A0-3454BD8F9B3E}.Release|x64.ActiveCfg = Release|Any CPU
		{BAF6B46B-FD4D-4894-A3A0-3454BD8F9B3E}.Release|x64.Build.0 = Release|Any CPU
		{BAF6B46B-FD4D-4894-A3A0-3454BD8F9B3E}.Release|x86.ActiveCfg = Release|Any CPU
		{BAF6B46B-FD4D-4894-A3A0-3454BD8F9B3E}.Release|x86.Build.0 = Release|Any CPU
	EndGlobalSection
	GlobalSection(SolutionProperties) = preSolution
		HideSolutionNode = FALSE
	EndGlobalSection
	GlobalSection(ExtensibilityGlobals) = postSolution
		SolutionGuid = {DAF14B59-8918-4BF6-8AA5-A550C4148049}
	EndGlobalSection
EndGlobal
